
Microsoft Visual Studio Solution File, Format Version 12.00
# Visual Studio Version 17
VisualStudioVersion = 17.2.32519.379
MinimumVisualStudioVersion = 10.0.40219.1
Project("{888888A0-9F3D-457C-B088-3A5042F75D52}") = "Tsüklid", "Tsüklid.pyproj", "{903F4EFA-CD1B-430D-B911-13BF2D316245}"
EndProject
Global
	GlobalSection(SolutionConfigurationPlatforms) = preSolution
		Debug|Any CPU = Debug|Any CPU
		Release|Any CPU = Release|Any CPU
	EndGlobalSection
	GlobalSection(ProjectConfigurationPlatforms) = postSolution
		{903F4EFA-CD1B-430D-B911-13BF2D316245}.Debug|Any CPU.ActiveCfg = Debug|Any CPU
		{903F4EFA-CD1B-430D-B911-13BF2D316245}.Release|Any CPU.ActiveCfg = Release|Any CPU
	EndGlobalSection
	GlobalSection(SolutionProperties) = preSolution
		HideSolutionNode = FALSE
	EndGlobalSection
	GlobalSection(ExtensibilityGlobals) = postSolution
		SolutionGuid = {28BD7B0A-49DA-45C3-B755-422BEF47A98F}
	EndGlobalSection
EndGlobal
